
Microsoft Visual Studio Solution File, Format Version 12.00
# Visual Studio Version 17
VisualStudioVersion = 17.5.002.0
MinimumVisualStudioVersion = 10.0.40219.1
Project("{9A19103F-16F7-4668-BE54-9A1E7A4F7556}") = "API", "API.csproj", "{6A3AD1BC-F706-4146-AD31-1EA0C8ED1781}"
EndProject
Global
	GlobalSection(SolutionConfigurationPlatforms) = preSolution
		Debug|Any CPU = Debug|Any CPU
		Release|Any CPU = Release|Any CPU
	EndGlobalSection
	GlobalSection(ProjectConfigurationPlatforms) = postSolution
		{6A3AD1BC-F706-4146-AD31-1EA0C8ED1781}.Debug|Any CPU.ActiveCfg = Debug|Any CPU
		{6A3AD1BC-F706-4146-AD31-1EA0C8ED1781}.Debug|Any CPU.Build.0 = Debug|Any CPU
		{6A3AD1BC-F706-4146-AD31-1EA0C8ED1781}.Release|Any CPU.ActiveCfg = Release|Any CPU
		{6A3AD1BC-F706-4146-AD31-1EA0C8ED1781}.Release|Any CPU.Build.0 = Release|Any CPU
	EndGlobalSection
	GlobalSection(SolutionProperties) = preSolution
		HideSolutionNode = FALSE
	EndGlobalSection
	GlobalSection(ExtensibilityGlobals) = postSolution
		SolutionGuid = {858036D2-C6BB-45A2-8794-674EA3F399B5}
	EndGlobalSection
EndGlobal
